Microsoft Visual Studio Solution File, Format Version 12.00
# Visual Studio Version 17
VisualStudioVersion = 17.5.2.0
MinimumVisualStudioVersion = 10.0.40219.1
Project("{FAE04EC0-301F-11D3-BF4B-00C04F79EFBC}") = "AnimalSimulator", "AnimalSimulator.csproj", "{D2A295D7-FDB5-6644-948B-082450D3186D}"
EndProject
Global
	GlobalSection(SolutionConfigurationPlatforms) = preSolution
		Debug|Any CPU = Debug|Any CPU
		Release|Any CPU = Release|Any CPU
	EndGlobalSection
	GlobalSection(ProjectConfigurationPlatforms) = postSolution
		{D2A295D7-FDB5-6644-948B-082450D3186D}.Debug|Any CPU.ActiveCfg = Debug|Any CPU
		{D2A295D7-FDB5-6644-948B-082450D3186D}.Debug|Any CPU.Build.0 = Debug|Any CPU
		{D2A295D7-FDB5-6644-948B-082450D3186D}.Release|Any CPU.ActiveCfg = Release|Any CPU
		{D2A295D7-FDB5-6644-948B-082450D3186D}.Release|Any CPU.Build.0 = Release|Any CPU
	EndGlobalSection
	GlobalSection(SolutionProperties) = preSolution
		HideSolutionNode = FALSE
	EndGlobalSection
	GlobalSection(ExtensibilityGlobals) = postSolution
		SolutionGuid = {93412B77-03FD-4658-947D-DBC183B736E0}
	EndGlobalSection
EndGlobal
